
Microsoft Visual Studio Solution File, Format Version 12.00
# Visual Studio Version 17
VisualStudioVersion = 17.4.33213.308
MinimumVisualStudioVersion = 10.0.40219.1
Project("{FAE04EC0-301F-11D3-BF4B-00C04F79EFBC}") = "Programacion Logica", "Programacion Logica\Programacion Logica.csproj", "{58FE25C7-7D47-44D0-B726-9D645CDE52ED}"
EndProject
Global
	GlobalSection(SolutionConfigurationPlatforms) = preSolution
		Debug|Any CPU = Debug|Any CPU
		Release|Any CPU = Release|Any CPU
	EndGlobalSection
	GlobalSection(ProjectConfigurationPlatforms) = postSolution
		{58FE25C7-7D47-44D0-B726-9D645CDE52ED}.Debug|Any CPU.ActiveCfg = Debug|Any CPU
		{58FE25C7-7D47-44D0-B726-9D645CDE52ED}.Debug|Any CPU.Build.0 = Debug|Any CPU
		{58FE25C7-7D47-44D0-B726-9D645CDE52ED}.Release|Any CPU.ActiveCfg = Release|Any CPU
		{58FE25C7-7D47-44D0-B726-9D645CDE52ED}.Release|Any CPU.Build.0 = Release|Any CPU
	EndGlobalSection
	GlobalSection(SolutionProperties) = preSolution
		HideSolutionNode = FALSE
	EndGlobalSection
	GlobalSection(ExtensibilityGlobals) = postSolution
		SolutionGuid = {825281EB-97EA-4D34-8B3A-152FF7834180}
	EndGlobalSection
EndGlobal
